
Microsoft Visual Studio Solution File, Format Version 12.00
# Visual Studio Version 17
VisualStudioVersion = 17.14.37216.2
MinimumVisualStudioVersion = 10.0.40219.1
Project("{FAE04EC0-301F-11D3-BF4B-00C04F79EFBC}") = "FarouqsRecordShopUI", "FarouqsRecordShopUI\FarouqsRecordShopUI\FarouqsRecordShopUI.csproj", "{2EFB47FC-AA5A-4F7B-9E8C-DA0CC1850ACB}"
EndProject
Project("{FAE04EC0-301F-11D3-BF4B-00C04F79EFBC}") = "FarouqsRecordShopUI.Client", "FarouqsRecordShopUI\FarouqsRecordShopUI.Client\FarouqsRecordShopUI.Client.csproj", "{DBB2C93F-A240-4324-8F52-A028B9ED5FBC}"
EndProject
Global
	GlobalSection(SolutionConfigurationPlatforms) = preSolution
		Debug|Any CPU = Debug|Any CPU
		Release|Any CPU = Release|Any CPU
	EndGlobalSection
	GlobalSection(ProjectConfigurationPlatforms) = postSolution
		{2EFB47FC-AA5A-4F7B-9E8C-DA0CC1850ACB}.Debug|Any CPU.ActiveCfg = Debug|Any CPU
		{2EFB47FC-AA5A-4F7B-9E8C-DA0CC1850ACB}.Debug|Any CPU.Build.0 = Debug|Any CPU
		{2EFB47FC-AA5A-4F7B-9E8C-DA0CC1850ACB}.Release|Any CPU.ActiveCfg = Release|Any CPU
		{2EFB47FC-AA5A-4F7B-9E8C-DA0CC1850ACB}.Release|Any CPU.Build.0 = Release|Any CPU
		{DBB2C93F-A240-4324-8F52-A028B9ED5FBC}.Debug|Any CPU.ActiveCfg = Debug|Any CPU
		{DBB2C93F-A240-4324-8F52-A028B9ED5FBC}.Debug|Any CPU.Build.0 = Debug|Any CPU
		{DBB2C93F-A240-4324-8F52-A028B9ED5FBC}.Release|Any CPU.ActiveCfg = Release|Any CPU
		{DBB2C93F-A240-4324-8F52-A028B9ED5FBC}.Release|Any CPU.Build.0 = Release|Any CPU
	EndGlobalSection
	GlobalSection(SolutionProperties) = preSolution
		HideSolutionNode = FALSE
	EndGlobalSection
	GlobalSection(ExtensibilityGlobals) = postSolution
		SolutionGuid = {1EE0769B-575C-4E56-8C99-B1D1E9430E94}
	EndGlobalSection
EndGlobal
